// !$*UTF8*$!
{
	archiveVersion = 1;
	classes = {
	};
	objectVersion = 56;
	objects = {

/* Begin PBXBuildFile section */
		0F37E5A42C19373900574075 /* ViewsAndModifiersApp.swift in Sources */ = {isa = PBXBuildFile; fileRef = 0F37E5A32C19373900574075 /* ViewsAndModifiersApp.swift */; };
		0F37E5A62C19373900574075 /* ContentView.swift in Sources */ = {isa = PBXBuildFile; fileRef = 0F37E5A52C19373900574075 /* ContentView.swift */; };
		0F37E5A82C19373B00574075 /* Assets.xcassets in Resources */ = {isa = PBXBuildFile; fileRef = 0F37E5A72C19373B00574075 /* Assets.xcassets */; };
		0F37E5AB2C19373B00574075 /* Preview Assets.xcassets in Resources */ = {isa = PBXBuildFile; fileRef = 0F37E5AA2C19373B00574075 /* Preview Assets.xcassets */; };
		473887A02C3E26DD00430A67 /* DeckView.swift in Sources */ = {isa = PBXBuildFile; fileRef = 4738879F2C3E26DD00430A67 /* DeckView.swift */; };
		473887A42C3E3D3900430A67 /* DeckEditView.swift in Sources */ = {isa = PBXBuildFile; fileRef = 473887A32C3E3D3900430A67 /* DeckEditView.swift */; };
		E76C38F82C374032005E9AB8 /* SettingsView.swift in Sources */ = {isa = PBXBuildFile; fileRef = E76C38F72C374032005E9AB8 /* SettingsView.swift */; };
		E76C38FA2C374165005E9AB8 /* CardsView.swift in Sources */ = {isa = PBXBuildFile; fileRef = E76C38F92C374165005E9AB8 /* CardsView.swift */; };
		E76C38FC2C3744AA005E9AB8 /* HomeView.swift in Sources */ = {isa = PBXBuildFile; fileRef = E76C38FB2C3744AA005E9AB8 /* HomeView.swift */; };
		E76C38FE2C37481A005E9AB8 /* Card.swift in Sources */ = {isa = PBXBuildFile; fileRef = E76C38FD2C37481A005E9AB8 /* Card.swift */; };
		E76C39002C375016005E9AB8 /* CardListView.swift in Sources */ = {isa = PBXBuildFile; fileRef = E76C38FF2C375016005E9AB8 /* CardListView.swift */; };
		E76C39022C37516B005E9AB8 /* CardEditView.swift in Sources */ = {isa = PBXBuildFile; fileRef = E76C39012C37516B005E9AB8 /* CardEditView.swift */; };
		E7848F0B2C38F3110066D3F5 /* TagsView.swift in Sources */ = {isa = PBXBuildFile; fileRef = E7848F0A2C38F3110066D3F5 /* TagsView.swift */; };
		E7848F0D2C38F3CB0066D3F5 /* TagListView.swift in Sources */ = {isa = PBXBuildFile; fileRef = E7848F0C2C38F3CB0066D3F5 /* TagListView.swift */; };
		E7848F0F2C3A61F10066D3F5 /* CardsInTagsView.swift in Sources */ = {isa = PBXBuildFile; fileRef = E7848F0E2C3A61F10066D3F5 /* CardsInTagsView.swift */; };
		E7848F112C3D03E30066D3F5 /* CardInTagEditView.swift in Sources */ = {isa = PBXBuildFile; fileRef = E7848F102C3D03E30066D3F5 /* CardInTagEditView.swift */; };
		E79A3B432C42007700ACB12A /* DeckListView.swift in Sources */ = {isa = PBXBuildFile; fileRef = E79A3B422C42007700ACB12A /* DeckListView.swift */; };
		E79A3B452C4237CB00ACB12A /* CardsInDeckView.swift in Sources */ = {isa = PBXBuildFile; fileRef = E79A3B442C4237CB00ACB12A /* CardsInDeckView.swift */; };
		E79A3B612C436DA300ACB12A /* CardDrawingView.swift in Sources */ = {isa = PBXBuildFile; fileRef = E79A3B602C436DA300ACB12A /* CardDrawingView.swift */; };
/* End PBXBuildFile section */

/* Begin PBXFileReference section */
		0F37E5A02C19373900574075 /* ViewsAndModifiers.app */ = {isa = PBXFileReference; explicitFileType = wrapper.application; includeInIndex = 0; path = ViewsAndModifiers.app; sourceTree = BUILT_PRODUCTS_DIR; };
		0F37E5A32C19373900574075 /* ViewsAndModifiersApp.swift */ = {isa = PBXFileReference; lastKnownFileType = sourcecode.swift; path = ViewsAndModifiersApp.swift; sourceTree = "<group>"; };
		0F37E5A52C19373900574075 /* ContentView.swift */ = {isa = PBXFileReference; lastKnownFileType = sourcecode.swift; path = ContentView.swift; sourceTree = "<group>"; };
		0F37E5A72C19373B00574075 /* Assets.xcassets */ = {isa = PBXFileReference; lastKnownFileType = folder.assetcatalog; path = Assets.xcassets; sourceTree = "<group>"; };
		0F37E5AA2C19373B00574075 /* Preview Assets.xcassets */ = {isa = PBXFileReference; lastKnownFileType = folder.assetcatalog; path = "Preview Assets.xcassets"; sourceTree = "<group>"; };
		4738879F2C3E26DD00430A67 /* DeckView.swift */ = {isa = PBXFileReference; lastKnownFileType = sourcecode.swift; path = DeckView.swift; sourceTree = "<group>"; };
		473887A32C3E3D3900430A67 /* DeckEditView.swift */ = {isa = PBXFileReference; lastKnownFileType = sourcecode.swift; path = DeckEditView.swift; sourceTree = "<group>"; };
		E76C38F72C374032005E9AB8 /* SettingsView.swift */ = {isa = PBXFileReference; lastKnownFileType = sourcecode.swift; path = SettingsView.swift; sourceTree = "<group>"; };
		E76C38F92C374165005E9AB8 /* CardsView.swift */ = {isa = PBXFileReference; lastKnownFileType = sourcecode.swift; path = CardsView.swift; sourceTree = "<group>"; };
		E76C38FB2C3744AA005E9AB8 /* HomeView.swift */ = {isa = PBXFileReference; lastKnownFileType = sourcecode.swift; path = HomeView.swift; sourceTree = "<group>"; };
		E76C38FD2C37481A005E9AB8 /* Card.swift */ = {isa = PBXFileReference; lastKnownFileType = sourcecode.swift; path = Card.swift; sourceTree = "<group>"; };
		E76C38FF2C375016005E9AB8 /* CardListView.swift */ = {isa = PBXFileReference; lastKnownFileType = sourcecode.swift; path = CardListView.swift; sourceTree = "<group>"; };
		E76C39012C37516B005E9AB8 /* CardEditView.swift */ = {isa = PBXFileReference; lastKnownFileType = sourcecode.swift; path = CardEditView.swift; sourceTree = "<group>"; };
		E7848F0A2C38F3110066D3F5 /* TagsView.swift */ = {isa = PBXFileReference; lastKnownFileType = sourcecode.swift; path = TagsView.swift; sourceTree = "<group>"; };
		E7848F0C2C38F3CB0066D3F5 /* TagListView.swift */ = {isa = PBXFileReference; lastKnownFileType = sourcecode.swift; path = TagListView.swift; sourceTree = "<group>"; };
		E7848F0E2C3A61F10066D3F5 /* CardsInTagsView.swift */ = {isa = PBXFileReference; lastKnownFileType = sourcecode.swift; path = CardsInTagsView.swift; sourceTree = "<group>"; };
		E7848F102C3D03E30066D3F5 /* CardInTagEditView.swift */ = {isa = PBXFileReference; lastKnownFileType = sourcecode.swift; path = CardInTagEditView.swift; sourceTree = "<group>"; };
		E79A3B422C42007700ACB12A /* DeckListView.swift */ = {isa = PBXFileReference; lastKnownFileType = sourcecode.swift; path = DeckListView.swift; sourceTree = "<group>"; };
		E79A3B442C4237CB00ACB12A /* CardsInDeckView.swift */ = {isa = PBXFileReference; lastKnownFileType = sourcecode.swift; path = CardsInDeckView.swift; sourceTree = "<group>"; };
		E79A3B602C436DA300ACB12A /* CardDrawingView.swift */ = {isa = PBXFileReference; lastKnownFileType = sourcecode.swift; path = CardDrawingView.swift; sourceTree = "<group>"; };
/* End PBXFileReference section */

/* Begin PBXFrameworksBuildPhase section */
		0F37E59D2C19373900574075 /* Frameworks */ = {
			isa = PBXFrameworksBuildPhase;
			buildActionMask = 2147483647;
			files = (
			);
			runOnlyForDeploymentPostprocessing = 0;
		};
/* End PBXFrameworksBuildPhase section */

/* Begin PBXGroup section */
		0F37E5972C19373900574075 = {
			isa = PBXGroup;
			children = (
				0F37E5A22C19373900574075 /* ViewsAndModifiers */,
				0F37E5A12C19373900574075 /* Products */,
			);
			sourceTree = "<group>";
		};
		0F37E5A12C19373900574075 /* Products */ = {
			isa = PBXGroup;
			children = (
				0F37E5A02C19373900574075 /* ViewsAndModifiers.app */,
			);
			name = Products;
			sourceTree = "<group>";
		};
		0F37E5A22C19373900574075 /* ViewsAndModifiers */ = {
			isa = PBXGroup;
			children = (
				0F37E5A32C19373900574075 /* ViewsAndModifiersApp.swift */,
				0F37E5A52C19373900574075 /* ContentView.swift */,
				E7848F0A2C38F3110066D3F5 /* TagsView.swift */,
				E7848F0E2C3A61F10066D3F5 /* CardsInTagsView.swift */,
				E7848F102C3D03E30066D3F5 /* CardInTagEditView.swift */,
				E7848F0C2C38F3CB0066D3F5 /* TagListView.swift */,
				E76C38FD2C37481A005E9AB8 /* Card.swift */,
				E76C38F92C374165005E9AB8 /* CardsView.swift */,
				4738879E2C3E26BD00430A67 /* CardViews */,
				4738879D2C3E26A700430A67 /* DeckViews */,
				E76C38FB2C3744AA005E9AB8 /* HomeView.swift */,
				E76C38F72C374032005E9AB8 /* SettingsView.swift */,
				0F37E5A72C19373B00574075 /* Assets.xcassets */,
				0F37E5A92C19373B00574075 /* Preview Content */,
			);
			path = ViewsAndModifiers;
			sourceTree = "<group>";
		};
		0F37E5A92C19373B00574075 /* Preview Content */ = {
			isa = PBXGroup;
			children = (
				0F37E5AA2C19373B00574075 /* Preview Assets.xcassets */,
			);
			path = "Preview Content";
			sourceTree = "<group>";
		};
		4738879D2C3E26A700430A67 /* DeckViews */ = {
			isa = PBXGroup;
			children = (
				E79A3B442C4237CB00ACB12A /* CardsInDeckView.swift */,
				473887A32C3E3D3900430A67 /* DeckEditView.swift */,
				4738879F2C3E26DD00430A67 /* DeckView.swift */,
				E79A3B422C42007700ACB12A /* DeckListView.swift */,
			);
			path = DeckViews;
			sourceTree = "<group>";
		};
		4738879E2C3E26BD00430A67 /* CardViews */ = {
			isa = PBXGroup;
			children = (
				E79A3B602C436DA300ACB12A /* CardDrawingView.swift */,
				E76C38FF2C375016005E9AB8 /* CardListView.swift */,
				E76C39012C37516B005E9AB8 /* CardEditView.swift */,
			);
			path = CardViews;
			sourceTree = "<group>";
		};
/* End PBXGroup section */

/* Begin PBXNativeTarget section */
		0F37E59F2C19373900574075 /* ViewsAndModifiers */ = {
			isa = PBXNativeTarget;
			buildConfigurationList = 0F37E5AE2C19373B00574075 /* Build configuration list for PBXNativeTarget "ViewsAndModifiers" */;
			buildPhases = (
				0F37E59C2C19373900574075 /* Sources */,
				0F37E59D2C19373900574075 /* Frameworks */,
				0F37E59E2C19373900574075 /* Resources */,
			);
			buildRules = (
			);
			dependencies = (
			);
			name = ViewsAndModifiers;
			productName = ViewsAndModifiers;
			productReference = 0F37E5A02C19373900574075 /* ViewsAndModifiers.app */;
			productType = "com.apple.product-type.application";
		};
/* End PBXNativeTarget section */

/* Begin PBXProject section */
		0F37E5982C19373900574075 /* Project object */ = {
			isa = PBXProject;
			attributes = {
				BuildIndependentTargetsInParallel = 1;
				LastSwiftUpdateCheck = 1520;
				LastUpgradeCheck = 1520;
				TargetAttributes = {
					0F37E59F2C19373900574075 = {
						CreatedOnToolsVersion = 15.2;
					};
				};
			};
			buildConfigurationList = 0F37E59B2C19373900574075 /* Build configuration list for PBXProject "ViewsAndModifiers" */;
			compatibilityVersion = "Xcode 14.0";
			developmentRegion = en;
			hasScannedForEncodings = 0;
			knownRegions = (
				en,
				Base,
			);
			mainGroup = 0F37E5972C19373900574075;
			productRefGroup = 0F37E5A12C19373900574075 /* Products */;
			projectDirPath = "";
			projectRoot = "";
			targets = (
				0F37E59F2C19373900574075 /* ViewsAndModifiers */,
			);
		};
/* End PBXProject section */

/* Begin PBXResourcesBuildPhase section */
		0F37E59E2C19373900574075 /* Resources */ = {
			isa = PBXResourcesBuildPhase;
			buildActionMask = 2147483647;
			files = (
				0F37E5AB2C19373B00574075 /* Preview Assets.xcassets in Resources */,
				0F37E5A82C19373B00574075 /* Assets.xcassets in Resources */,
			);
			runOnlyForDeploymentPostprocessing = 0;
		};
/* End PBXResourcesBuildPhase section */

/* Begin PBXSourcesBuildPhase section */
		0F37E59C2C19373900574075 /* Sources */ = {
			isa = PBXSourcesBuildPhase;
			buildActionMask = 2147483647;
			files = (
				E76C39022C37516B005E9AB8 /* CardEditView.swift in Sources */,
				E76C38F82C374032005E9AB8 /* SettingsView.swift in Sources */,
				E76C38FE2C37481A005E9AB8 /* Card.swift in Sources */,
				473887A02C3E26DD00430A67 /* DeckView.swift in Sources */,
				0F37E5A62C19373900574075 /* ContentView.swift in Sources */,
				E76C38FA2C374165005E9AB8 /* CardsView.swift in Sources */,
				E79A3B452C4237CB00ACB12A /* CardsInDeckView.swift in Sources */,
				E79A3B432C42007700ACB12A /* DeckListView.swift in Sources */,
				E7848F0D2C38F3CB0066D3F5 /* TagListView.swift in Sources */,
				E76C38FC2C3744AA005E9AB8 /* HomeView.swift in Sources */,
				E76C39002C375016005E9AB8 /* CardListView.swift in Sources */,
				E7848F112C3D03E30066D3F5 /* CardInTagEditView.swift in Sources */,
				0F37E5A42C19373900574075 /* ViewsAndModifiersApp.swift in Sources */,
				E7848F0F2C3A61F10066D3F5 /* CardsInTagsView.swift in Sources */,
				473887A42C3E3D3900430A67 /* DeckEditView.swift in Sources */,
				E7848F0B2C38F3110066D3F5 /* TagsView.swift in Sources */,
				E79A3B612C436DA300ACB12A /* CardDrawingView.swift in Sources */,
			);
			runOnlyForDeploymentPostprocessing = 0;
		};
/* End PBXSourcesBuildPhase section */

/* Begin XCBuildConfiguration section */
		0F37E5AC2C19373B00574075 /* Debug */ = {
			isa = XCBuildConfiguration;
			buildSettings = {
				ALWAYS_SEARCH_USER_PATHS = NO;
				ASSETCATALOG_COMPILER_GENERATE_SWIFT_ASSET_SYMBOL_EXTENSIONS = YES;
				CLANG_ANALYZER_NONNULL = YES;
				CLANG_ANALYZER_NUMBER_OBJECT_CONVERSION = YES_AGGRESSIVE;
				CLANG_CXX_LANGUAGE_STANDARD = "gnu++20";
				CLANG_ENABLE_MODULES = YES;
				CLANG_ENABLE_OBJC_ARC = YES;
				CLANG_ENABLE_OBJC_WEAK = YES;
				CLANG_WARN_BLOCK_CAPTURE_AUTORELEASING = YES;
				CLANG_WARN_BOOL_CONVERSION = YES;
				CLANG_WARN_COMMA = YES;
				CLANG_WARN_CONSTANT_CONVERSION = YES;
				CLANG_WARN_DEPRECATED_OBJC_IMPLEMENTATIONS = YES;
				CLANG_WARN_DIRECT_OBJC_ISA_USAGE = YES_ERROR;
				CLANG_WARN_DOCUMENTATION_COMMENTS = YES;
				CLANG_WARN_EMPTY_BODY = YES;
				CLANG_WARN_ENUM_CONVERSION = YES;
				CLANG_WARN_INFINITE_RECURSION = YES;
				CLANG_WARN_INT_CONVERSION = YES;
				CLANG_WARN_NON_LITERAL_NULL_CONVERSION = YES;
				CLANG_WARN_OBJC_IMPLICIT_RETAIN_SELF = YES;
				CLANG_WARN_OBJC_LITERAL_CONVERSION = YES;
				CLANG_WARN_OBJC_ROOT_CLASS = YES_ERROR;
				CLANG_WARN_QUOTED_INCLUDE_IN_FRAMEWORK_HEADER = YES;
				CLANG_WARN_RANGE_LOOP_ANALYSIS = YES;
				CLANG_WARN_STRICT_PROTOTYPES = YES;
				CLANG_WARN_SUSPICIOUS_MOVE = YES;
				CLANG_WARN_UNGUARDED_AVAILABILITY = YES_AGGRESSIVE;
				CLANG_WARN_UNREACHABLE_CODE = YES;
				CLANG_WARN__DUPLICATE_METHOD_MATCH = YES;
				COPY_PHASE_STRIP = NO;
				DEBUG_INFORMATION_FORMAT = dwarf;
				ENABLE_STRICT_OBJC_MSGSEND = YES;
				ENABLE_TESTABILITY = YES;
				ENABLE_USER_SCRIPT_SANDBOXING = YES;
				GCC_C_LANGUAGE_STANDARD = gnu17;
				GCC_DYNAMIC_NO_PIC = NO;
				GCC_NO_COMMON_BLOCKS = YES;
				GCC_OPTIMIZATION_LEVEL = 0;
				GCC_PREPROCESSOR_DEFINITIONS = (
					"DEBUG=1",
					"$(inherited)",
				);
				GCC_WARN_64_TO_32_BIT_CONVERSION = YES;
				GCC_WARN_ABOUT_RETURN_TYPE = YES_ERROR;
				GCC_WARN_UNDECLARED_SELECTOR = YES;
				GCC_WARN_UNINITIALIZED_AUTOS = YES_AGGRESSIVE;
				GCC_WARN_UNUSED_FUNCTION = YES;
				GCC_WARN_UNUSED_VARIABLE = YES;
				IPHONEOS_DEPLOYMENT_TARGET = 17.2;
				LOCALIZATION_PREFERS_STRING_CATALOGS = YES;
				MTL_ENABLE_DEBUG_INFO = INCLUDE_SOURCE;
				MTL_FAST_MATH = YES;
				ONLY_ACTIVE_ARCH = YES;
				SDKROOT = iphoneos;
				SWIFT_ACTIVE_COMPILATION_CONDITIONS = "DEBUG $(inherited)";
				SWIFT_OPTIMIZATION_LEVEL = "-Onone";
			};
			name = Debug;
		};
		0F37E5AD2C19373B00574075 /* Release */ = {
			isa = XCBuildConfiguration;
			buildSettings = {
				ALWAYS_SEARCH_USER_PATHS = NO;
				ASSETCATALOG_COMPILER_GENERATE_SWIFT_ASSET_SYMBOL_EXTENSIONS = YES;
				CLANG_ANALYZER_NONNULL = YES;
				CLANG_ANALYZER_NUMBER_OBJECT_CONVERSION = YES_AGGRESSIVE;
				CLANG_CXX_LANGUAGE_STANDARD = "gnu++20";
				CLANG_ENABLE_MODULES = YES;
				CLANG_ENABLE_OBJC_ARC = YES;
				CLANG_ENABLE_OBJC_WEAK = YES;
				CLANG_WARN_BLOCK_CAPTURE_AUTORELEASING = YES;
				CLANG_WARN_BOOL_CONVERSION = YES;
				CLANG_WARN_COMMA = YES;
				CLANG_WARN_CONSTANT_CONVERSION = YES;
				CLANG_WARN_DEPRECATED_OBJC_IMPLEMENTATIONS = YES;
				CLANG_WARN_DIRECT_OBJC_ISA_USAGE = YES_ERROR;
				CLANG_WARN_DOCUMENTATION_COMMENTS = YES;
				CLANG_WARN_EMPTY_BODY = YES;
				CLANG_WARN_ENUM_CONVERSION = YES;
				CLANG_WARN_INFINITE_RECURSION = YES;
				CLANG_WARN_INT_CONVERSION = YES;
				CLANG_WARN_NON_LITERAL_NULL_CONVERSION = YES;
				CLANG_WARN_OBJC_IMPLICIT_RETAIN_SELF = YES;
				CLANG_WARN_OBJC_LITERAL_CONVERSION = YES;
				CLANG_WARN_OBJC_ROOT_CLASS = YES_ERROR;
				CLANG_WARN_QUOTED_INCLUDE_IN_FRAMEWORK_HEADER = YES;
				CLANG_WARN_RANGE_LOOP_ANALYSIS = YES;
				CLANG_WARN_STRICT_PROTOTYPES = YES;
				CLANG_WARN_SUSPICIOUS_MOVE = YES;
				CLANG_WARN_UNGUARDED_AVAILABILITY = YES_AGGRESSIVE;
				CLANG_WARN_UNREACHABLE_CODE = YES;
				CLANG_WARN__DUPLICATE_METHOD_MATCH = YES;
				COPY_PHASE_STRIP = NO;
				DEBUG_INFORMATION_FORMAT = "dwarf-with-dsym";
				ENABLE_NS_ASSERTIONS = NO;
				ENABLE_STRICT_OBJC_MSGSEND = YES;
				ENABLE_USER_SCRIPT_SANDBOXING = YES;
				GCC_C_LANGUAGE_STANDARD = gnu17;
				GCC_NO_COMMON_BLOCKS = YES;
				GCC_WARN_64_TO_32_BIT_CONVERSION = YES;
				GCC_WARN_ABOUT_RETURN_TYPE = YES_ERROR;
				GCC_WARN_UNDECLARED_SELECTOR = YES;
				GCC_WARN_UNINITIALIZED_AUTOS = YES_AGGRESSIVE;
				GCC_WARN_UNUSED_FUNCTION = YES;
				GCC_WARN_UNUSED_VARIABLE = YES;
				IPHONEOS_DEPLOYMENT_TARGET = 17.2;
				LOCALIZATION_PREFERS_STRING_CATALOGS = YES;
				MTL_ENABLE_DEBUG_INFO = NO;
				MTL_FAST_MATH = YES;
				SDKROOT = iphoneos;
				SWIFT_COMPILATION_MODE = wholemodule;
				VALIDATE_PRODUCT = YES;
			};
			name = Release;
		};
		0F37E5AF2C19373B00574075 /* Debug */ = {
			isa = XCBuildConfiguration;
			buildSettings = {
				ASSETCATALOG_COMPILER_APPICON_NAME = AppIcon;
				ASSETCATALOG_COMPILER_GLOBAL_ACCENT_COLOR_NAME = AccentColor;
				CODE_SIGN_STYLE = Automatic;
				CURRENT_PROJECT_VERSION = 1;
				DEVELOPMENT_ASSET_PATHS = "\"ViewsAndModifiers/Preview Content\"";
				ENABLE_PREVIEWS = YES;
				GENERATE_INFOPLIST_FILE = YES;
				INFOPLIST_KEY_UIApplicationSceneManifest_Generation = YES;
				INFOPLIST_KEY_UIApplicationSupportsIndirectInputEvents = YES;
				INFOPLIST_KEY_UILaunchScreen_Generation = YES;
				INFOPLIST_KEY_UISupportedInterfaceOrientations = "UIInterfaceOrientationLandscapeLeft UIInterfaceOrientationLandscapeRight";
				LD_RUNPATH_SEARCH_PATHS = (
					"$(inherited)",
					"@executable_path/Frameworks",
				);
				MARKETING_VERSION = 1.0;
				PRODUCT_BUNDLE_IDENTIFIER = Tree.Squirrles.ViewsAndModifiers;
				PRODUCT_NAME = "$(TARGET_NAME)";
				SWIFT_EMIT_LOC_STRINGS = YES;
				SWIFT_VERSION = 5.0;
				TARGETED_DEVICE_FAMILY = "1,2";
			};
			name = Debug;
		};
		0F37E5B02C19373B00574075 /* Release */ = {
			isa = XCBuildConfiguration;
			buildSettings = {
				ASSETCATALOG_COMPILER_APPICON_NAME = AppIcon;
				ASSETCATALOG_COMPILER_GLOBAL_ACCENT_COLOR_NAME = AccentColor;
				CODE_SIGN_STYLE = Automatic;
				CURRENT_PROJECT_VERSION = 1;
				DEVELOPMENT_ASSET_PATHS = "\"ViewsAndModifiers/Preview Content\"";
				ENABLE_PREVIEWS = YES;
				GENERATE_INFOPLIST_FILE = YES;
				INFOPLIST_KEY_UIApplicationSceneManifest_Generation = YES;
				INFOPLIST_KEY_UIApplicationSupportsIndirectInputEvents = YES;
				INFOPLIST_KEY_UILaunchScreen_Generation = YES;
				INFOPLIST_KEY_UISupportedInterfaceOrientations = "UIInterfaceOrientationLandscapeLeft UIInterfaceOrientationLandscapeRight";
				LD_RUNPATH_SEARCH_PATHS = (
					"$(inherited)",
					"@executable_path/Frameworks",
				);
				MARKETING_VERSION = 1.0;
				PRODUCT_BUNDLE_IDENTIFIER = Tree.Squirrles.ViewsAndModifiers;
				PRODUCT_NAME = "$(TARGET_NAME)";
				SWIFT_EMIT_LOC_STRINGS = YES;
				SWIFT_VERSION = 5.0;
				TARGETED_DEVICE_FAMILY = "1,2";
			};
			name = Release;
		};
/* End XCBuildConfiguration section */

/* Begin XCConfigurationList section */
		0F37E59B2C19373900574075 /* Build configuration list for PBXProject "ViewsAndModifiers" */ = {
			isa = XCConfigurationList;
			buildConfigurations = (
				0F37E5AC2C19373B00574075 /* Debug */,
				0F37E5AD2C19373B00574075 /* Release */,
			);
			defaultConfigurationIsVisible = 0;
			defaultConfigurationName = Release;
		};
		0F37E5AE2C19373B00574075 /* Build configuration list for PBXNativeTarget "ViewsAndModifiers" */ = {
			isa = XCConfigurationList;
			buildConfigurations = (
				0F37E5AF2C19373B00574075 /* Debug */,
				0F37E5B02C19373B00574075 /* Release */,
			);
			defaultConfigurationIsVisible = 0;
			defaultConfigurationName = Release;
		};
/* End XCConfigurationList section */
	};
	rootObject = 0F37E5982C19373900574075 /* Project object */;
}
